{
  "name": "momentq-browser-extension",
  "version": "1.0.5",
  "lockfileVersion": 3,
  "requires": true,
  "packages": {
    "": {
      "name": "momentq-browser-extension",
      "version": "1.0.5",
      "dependencies": {
        "@huggingface/transformers": "^3.8.1",
        "@shikijs/langs": "^4.4.3",
        "@types/mdast": "^4.0.4",
        "anser": "^2.3.5",
        "clsx": "2.1.1",
        "katex": "^0.16.47",
        "mdast-util-from-markdown": "^2.0.3",
        "mdast-util-gfm": "^3.1.0",
        "mdast-util-math": "^3.0.0",
        "micromark-core-commonmark": "^2.0.3",
        "micromark-extension-gfm": "^3.0.0",
        "micromark-extension-math": "^3.1.0",
        "micromark-factory-space": "^2.0.1",
        "micromark-util-character": "^2.1.1",
        "micromark-util-classify-character": "^2.0.1",
        "micromark-util-sanitize-uri": "^2.0.1",
        "micromark-util-symbol": "^2.0.1",
        "micromark-util-types": "^2.0.2",
        "mp4box": "^2.4.1",
        "react": "18.2.0",
        "react-dom": "18.2.0",
        "shiki": "^4.4.3"
      },
      "devDependencies": {
        "@types/chrome": "0.2.7",
        "@types/node": "^24.0.0",
        "@types/react": "18.2.79",
        "@types/react-dom": "18.2.25",
        "@vitejs/plugin-react": "4.3.4",
        "typescript": "^6.0.3",
        "vite": "6.4.3",
        "vitest": "^4.1.8"
      }
    },
    "../node_modules/.pnpm/@huggingface+transformers@3.8.1/node_modules/@huggingface/transformers": {
      "version": "3.8.1",
      "license": "Apache-2.0",
      "dependencies": {
        "@huggingface/jinja": "^0.5.3",
        "onnxruntime-node": "1.21.0",
        "onnxruntime-web": "1.22.0-dev.20250409-89f8206ba4",
        "sharp": "^0.34.1"
      },
      "devDependencies": {
        "@types/jest": "^29.5.14",
        "@types/node": "^22.10.1",
        "@webgpu/types": "^0.1.51",
        "catharsis": "github:xenova/catharsis",
        "jest": "^30.0.0-alpha.6",
        "jest-environment-node": "^30.0.0-alpha.6",
        "jsdoc-to-markdown": "^9.1.1",
        "prettier": "3.4.2",
        "typescript": "^5.8.2",
        "wavefile": "11.0.0",
        "webpack": "^5.97.1",
        "webpack-cli": "^5.1.4",
        "webpack-dev-server": "^5.1.0"
      }
    },
    "../node_modules/.pnpm/@shikijs+langs@4.4.3/node_modules/@shikijs/langs": {
      "version": "4.4.3",
      "license": "MIT",
      "dependencies": {
        "@shikijs/types": "4.4.3"
      },
      "devDependencies": {
        "tm-grammars": "^1.32.3"
      },
      "engines": {
        "node": ">=20"
      }
    },
    "../node_modules/.pnpm/@types+chrome@0.2.7/node_modules/@types/chrome": {
      "version": "0.2.7",
      "dev": true,
      "license": "MIT",
      "dependencies": {
        "@types/filesystem": "*",
        "@types/har-format": "*"
      }
    },
    "../node_modules/.pnpm/@types+mdast@4.0.4/node_modules/@types/mdast": {
      "version": "4.0.4",
      "license": "MIT",
      "dependencies": {
        "@types/unist": "*"
      }
    },
    "../node_modules/.pnpm/@types+node@24.13.3/node_modules/@types/node": {
      "version": "24.13.3",
      "dev": true,
      "license": "MIT",
      "dependencies": {
        "undici-types": "~7.18.0"
      }
    },
    "../node_modules/.pnpm/@types+react-dom@18.2.25/node_modules/@types/react-dom": {
      "version": "18.2.25",
      "dev": true,
      "license": "MIT",
      "dependencies": {
        "@types/react": "*"
      }
    },
    "../node_modules/.pnpm/@types+react@18.2.79/node_modules/@types/react": {
      "version": "18.2.79",
      "dev": true,
      "license": "MIT",
      "dependencies": {
        "@types/prop-types": "*",
        "csstype": "^3.0.2"
      }
    },
    "../node_modules/.pnpm/@vitejs+plugin-react@4.3.4__383bbbcf2c570ab736008ebf49ded3ce/node_modules/@vitejs/plugin-react": {
      "version": "4.3.4",
      "dev": true,
      "license": "MIT",
      "dependencies": {
        "@babel/core": "^7.26.0",
        "@babel/plugin-transform-react-jsx-self": "^7.25.9",
        "@babel/plugin-transform-react-jsx-source": "^7.25.9",
        "@types/babel__core": "^7.20.5",
        "react-refresh": "^0.14.2"
      },
      "devDependencies": {
        "unbuild": "^2.0.0"
      },
      "engines": {
        "node": "^14.18.0 || >=16.0.0"
      },
      "peerDependencies": {
        "vite": "^4.2.0 || ^5.0.0 || ^6.0.0"
      }
    },
    "../node_modules/.pnpm/anser@2.3.5/node_modules/anser": {
      "version": "2.3.5",
      "license": "MIT",
      "devDependencies": {
        "jshint": "^2.13.6",
        "jslint": "^0.12.1",
        "mocha": "^11.1.0",
        "should": "*"
      }
    },
    "../node_modules/.pnpm/clsx@2.1.1/node_modules/clsx": {
      "version": "2.1.1",
      "license": "MIT",
      "devDependencies": {
        "esm": "3.2.25",
        "terser": "4.8.0",
        "uvu": "0.5.4"
      },
      "engines": {
        "node": ">=6"
      }
    },
    "../node_modules/.pnpm/katex@0.16.47/node_modules/katex": {
      "version": "0.16.47",
      "funding": [
        "https://opencollective.com/katex",
        "https://github.com/sponsors/katex"
      ],
      "license": "MIT",
      "dependencies": {
        "commander": "^8.3.0"
      },
      "bin": {
        "katex": "cli.js"
      },
      "devDependencies": {
        "@babel/core": "^7.29.0",
        "@babel/plugin-proposal-class-properties": "^7.18.6",
        "@babel/plugin-transform-react-jsx": "^7.28.6",
        "@babel/plugin-transform-runtime": "^7.29.0",
        "@babel/preset-env": "^7.29.0",
        "@babel/preset-react": "^7.28.5",
        "@babel/preset-typescript": "^7.28.5",
        "@babel/register": "^7.28.6",
        "@babel/runtime": "^7.28.6",
        "@eslint/eslintrc": "^3.3.5",
        "@eslint/js": "^10.0.1",
        "@rollup/plugin-babel": "^5.3.1",
        "@rollup/plugin-commonjs": "^28.0.9",
        "@rollup/plugin-typescript": "^12.3.0",
        "@semantic-release/changelog": "^6.0.1",
        "@semantic-release/git": "^10.0.1",
        "@stylistic/stylelint-plugin": "^5.1.0",
        "@typescript-eslint/eslint-plugin": "^8.59.1",
        "@typescript-eslint/parser": "^8.59.1",
        "babel-jest": "^30.2.0",
        "babel-loader": "^8.2.5",
        "babel-plugin-istanbul": "^6.1.1",
        "babel-plugin-preval": "^5.1.0",
        "babel-plugin-version-inline": "^1.0.0",
        "benchmark": "^2.1.4",
        "browserslist": "^4.21.3",
        "caniuse-lite": "^1.0.30001384",
        "css-loader": "^6.7.1",
        "cssnano": "^5.1.13",
        "eslint": "^10.0.3",
        "eslint-plugin-actions": "^2.0.0",
        "eslint-plugin-react": "^7.37.5",
        "fs-extra": "^10.1.0",
        "globals": "^17.6.0",
        "got": "^11.8.5",
        "husky": "^4.3.8",
        "istanbul-lib-coverage": "^3.2.0",
        "istanbul-lib-report": "^3.0.0",
        "istanbul-reports": "^3.1.5",
        "jest": "^30.2.0",
        "jest-diff": "^30.2.0",
        "jest-environment-jsdom": "^30.2.0",
        "jest-matcher-utils": "^30.2.0",
        "jest-message-util": "^30.2.0",
        "jest-serializer-html": "^7.1.0",
        "js-yaml": "^4.1.0",
        "json-stable-stringify": "^1.0.1",
        "jspngopt": "^0.2.0",
        "mini-css-extract-plugin": "^2.6.1",
        "mkdirp": "^1.0.4",
        "p-retry": "^4.6.2",
        "pako": "^2.0.4",
        "postcss": "^8.4.16",
        "postcss-loader": "^7.0.1",
        "postcss-preset-env": "^7.8.0",
        "postcss-scss": "^4.0.9",
        "rimraf": "^3.0.2",
        "rollup": "^2.79.2",
        "sass": "^1.94.2",
        "sass-loader": "^16.0.6",
        "selenium-webdriver": "^4.4.0",
        "semantic-release": "^19.0.5",
        "sri-toolbox": "^0.2.0",
        "style-loader": "^3.3.1",
        "stylelint": "^17.9.1",
        "stylelint-config-standard": "^40.0.0",
        "stylelint-scss": "^7.0.0",
        "terser-webpack-plugin": "^5.3.6",
        "tslib": "^2.8.1",
        "typescript": "^5.9.3",
        "webpack": "^5.74.0",
        "webpack-bundle-analyzer": "^5.0.0",
        "webpack-cli": "^5.0.0",
        "webpack-dev-server": "^5.0.0",
        "webpack-remove-empty-scripts": "^1.0.4"
      }
    },
    "../node_modules/.pnpm/mdast-util-from-markdown@2.0.3/node_modules/mdast-util-from-markdown": {
      "version": "2.0.3",
      "license": "MIT",
      "dependencies": {
        "@types/mdast": "^4.0.0",
        "@types/unist": "^3.0.0",
        "decode-named-character-reference": "^1.0.0",
        "devlop": "^1.0.0",
        "mdast-util-to-string": "^4.0.0",
        "micromark": "^4.0.0",
        "micromark-util-decode-numeric-character-reference": "^2.0.0",
        "micromark-util-decode-string": "^2.0.0",
        "micromark-util-normalize-identifier": "^2.0.0",
        "micromark-util-symbol": "^2.0.0",
        "micromark-util-types": "^2.0.0",
        "unist-util-stringify-position": "^4.0.0"
      },
      "devDependencies": {
        "@types/node": "^25.0.0",
        "c8": "^10.0.0",
        "commonmark.json": "^0.31.0",
        "esbuild": "^0.27.0",
        "gzip-size-cli": "^5.0.0",
        "hast-util-from-html": "^2.0.0",
        "hast-util-to-html": "^9.0.0",
        "mdast-util-to-hast": "^13.0.0",
        "micromark-build": "^2.0.0",
        "prettier": "^3.0.0",
        "remark-cli": "^12.0.0",
        "remark-preset-wooorm": "^11.0.0",
        "terser": "^5.0.0",
        "type-coverage": "^2.0.0",
        "typescript": "^5.0.0",
        "xo": "^1.0.0"
      },
      "funding": {
        "type": "opencollective",
        "url": "https://opencollective.com/unified"
      }
    },
    "../node_modules/.pnpm/mdast-util-gfm@3.1.0/node_modules/mdast-util-gfm": {
      "version": "3.1.0",
      "license": "MIT",
      "dependencies": {
        "mdast-util-from-markdown": "^2.0.0",
        "mdast-util-gfm-autolink-literal": "^2.0.0",
        "mdast-util-gfm-footnote": "^2.0.0",
        "mdast-util-gfm-strikethrough": "^2.0.0",
        "mdast-util-gfm-table": "^2.0.0",
        "mdast-util-gfm-task-list-item": "^2.0.0",
        "mdast-util-to-markdown": "^2.0.0"
      },
      "devDependencies": {
        "@types/node": "^22.0.0",
        "c8": "^10.0.0",
        "github-slugger": "^2.0.0",
        "hast-util-to-html": "^9.0.0",
        "mdast-util-to-hast": "^13.0.0",
        "micromark-extension-gfm": "^3.0.0",
        "prettier": "^3.0.0",
        "remark-cli": "^12.0.0",
        "remark-preset-wooorm": "^11.0.0",
        "type-coverage": "^2.0.0",
        "typescript": "^5.0.0",
        "undici": "^7.0.0",
        "xo": "^0.60.0"
      },
      "funding": {
        "type": "opencollective",
        "url": "https://opencollective.com/unified"
      }
    },
    "../node_modules/.pnpm/mdast-util-math@3.0.0/node_modules/mdast-util-math": {
      "version": "3.0.0",
      "license": "MIT",
      "dependencies": {
        "@types/hast": "^3.0.0",
        "@types/mdast": "^4.0.0",
        "devlop": "^1.0.0",
        "longest-streak": "^3.0.0",
        "mdast-util-from-markdown": "^2.0.0",
        "mdast-util-to-markdown": "^2.1.0",
        "unist-util-remove-position": "^5.0.0"
      },
      "devDependencies": {
        "@types/node": "^20.0.0",
        "c8": "^8.0.0",
        "micromark-extension-math": "^3.0.0",
        "prettier": "^3.0.0",
        "remark-cli": "^11.0.0",
        "remark-preset-wooorm": "^9.0.0",
        "type-coverage": "^2.0.0",
        "typescript": "^5.0.0",
        "xo": "^0.55.0"
      },
      "funding": {
        "type": "opencollective",
        "url": "https://opencollective.com/unified"
      }
    },
    "../node_modules/.pnpm/micromark-core-commonmark@2.0.3/node_modules/micromark-core-commonmark": {
      "version": "2.0.3",
      "funding": [
        {
          "type": "GitHub Sponsors",
          "url": "https://github.com/sponsors/unifiedjs"
        },
        {
          "type": "OpenCollective",
          "url": "https://opencollective.com/unified"
        }
      ],
      "license": "MIT",
      "dependencies": {
        "decode-named-character-reference": "^1.0.0",
        "devlop": "^1.0.0",
        "micromark-factory-destination": "^2.0.0",
        "micromark-factory-label": "^2.0.0",
        "micromark-factory-space": "^2.0.0",
        "micromark-factory-title": "^2.0.0",
        "micromark-factory-whitespace": "^2.0.0",
        "micromark-util-character": "^2.0.0",
        "micromark-util-chunked": "^2.0.0",
        "micromark-util-classify-character": "^2.0.0",
        "micromark-util-html-tag-name": "^2.0.0",
        "micromark-util-normalize-identifier": "^2.0.0",
        "micromark-util-resolve-all": "^2.0.0",
        "micromark-util-subtokenize": "^2.0.0",
        "micromark-util-symbol": "^2.0.0",
        "micromark-util-types": "^2.0.0"
      }
    },
    "../node_modules/.pnpm/micromark-extension-gfm@3.0.0/node_modules/micromark-extension-gfm": {
      "version": "3.0.0",
      "license": "MIT",
      "dependencies": {
        "micromark-extension-gfm-autolink-literal": "^2.0.0",
        "micromark-extension-gfm-footnote": "^2.0.0",
        "micromark-extension-gfm-strikethrough": "^2.0.0",
        "micromark-extension-gfm-table": "^2.0.0",
        "micromark-extension-gfm-tagfilter": "^2.0.0",
        "micromark-extension-gfm-task-list-item": "^2.0.0",
        "micromark-util-combine-extensions": "^2.0.0",
        "micromark-util-types": "^2.0.0"
      },
      "devDependencies": {
        "@types/node": "^20.0.0",
        "c8": "^8.0.0",
        "create-gfm-fixtures": "^1.0.0",
        "hast-util-from-html": "^1.0.0",
        "hast-util-select": "^5.0.0",
        "hast-util-to-text": "^3.0.0",
        "micromark": "^4.0.0",
        "prettier": "^2.0.0",
        "rehype": "^12.0.0",
        "rehype-sort-attributes": "^4.0.0",
        "remark-cli": "^11.0.0",
        "remark-preset-wooorm": "^9.0.0",
        "type-coverage": "^2.0.0",
        "typescript": "^5.0.0",
        "undici": "^5.0.0",
        "xo": "^0.54.0"
      },
      "funding": {
        "type": "opencollective",
        "url": "https://opencollective.com/unified"
      }
    },
    "../node_modules/.pnpm/micromark-extension-math@3.1.0/node_modules/micromark-extension-math": {
      "version": "3.1.0",
      "license": "MIT",
      "dependencies": {
        "@types/katex": "^0.16.0",
        "devlop": "^1.0.0",
        "katex": "^0.16.0",
        "micromark-factory-space": "^2.0.0",
        "micromark-util-character": "^2.0.0",
        "micromark-util-symbol": "^2.0.0",
        "micromark-util-types": "^2.0.0"
      },
      "devDependencies": {
        "@types/node": "^20.0.0",
        "c8": "^10.0.0",
        "micromark": "^4.0.0",
        "micromark-build": "^2.0.0",
        "prettier": "^3.0.0",
        "remark-cli": "^12.0.0",
        "remark-preset-wooorm": "^10.0.0",
        "type-coverage": "^2.0.0",
        "typescript": "^5.0.0",
        "xo": "^0.58.0"
      },
      "funding": {
        "type": "opencollective",
        "url": "https://opencollective.com/unified"
      }
    },
    "../node_modules/.pnpm/micromark-factory-space@2.0.1/node_modules/micromark-factory-space": {
      "version": "2.0.1",
      "funding": [
        {
          "type": "GitHub Sponsors",
          "url": "https://github.com/sponsors/unifiedjs"
        },
        {
          "type": "OpenCollective",
          "url": "https://opencollective.com/unified"
        }
      ],
      "license": "MIT",
      "dependencies": {
        "micromark-util-character": "^2.0.0",
        "micromark-util-types": "^2.0.0"
      }
    },
    "../node_modules/.pnpm/micromark-util-character@2.1.1/node_modules/micromark-util-character": {
      "version": "2.1.1",
      "funding": [
        {
          "type": "GitHub Sponsors",
          "url": "https://github.com/sponsors/unifiedjs"
        },
        {
          "type": "OpenCollective",
          "url": "https://opencollective.com/unified"
        }
      ],
      "license": "MIT",
      "dependencies": {
        "micromark-util-symbol": "^2.0.0",
        "micromark-util-types": "^2.0.0"
      }
    },
    "../node_modules/.pnpm/micromark-util-classify-character@2.0.1/node_modules/micromark-util-classify-character": {
      "version": "2.0.1",
      "funding": [
        {
          "type": "GitHub Sponsors",
          "url": "https://github.com/sponsors/unifiedjs"
        },
        {
          "type": "OpenCollective",
          "url": "https://opencollective.com/unified"
        }
      ],
      "license": "MIT",
      "dependencies": {
        "micromark-util-character": "^2.0.0",
        "micromark-util-symbol": "^2.0.0",
        "micromark-util-types": "^2.0.0"
      }
    },
    "../node_modules/.pnpm/micromark-util-sanitize-uri@2.0.1/node_modules/micromark-util-sanitize-uri": {
      "version": "2.0.1",
      "funding": [
        {
          "type": "GitHub Sponsors",
          "url": "https://github.com/sponsors/unifiedjs"
        },
        {
          "type": "OpenCollective",
          "url": "https://opencollective.com/unified"
        }
      ],
      "license": "MIT",
      "dependencies": {
        "micromark-util-character": "^2.0.0",
        "micromark-util-encode": "^2.0.0",
        "micromark-util-symbol": "^2.0.0"
      }
    },
    "../node_modules/.pnpm/micromark-util-symbol@2.0.1/node_modules/micromark-util-symbol": {
      "version": "2.0.1",
      "funding": [
        {
          "type": "GitHub Sponsors",
          "url": "https://github.com/sponsors/unifiedjs"
        },
        {
          "type": "OpenCollective",
          "url": "https://opencollective.com/unified"
        }
      ],
      "license": "MIT"
    },
    "../node_modules/.pnpm/micromark-util-types@2.0.2/node_modules/micromark-util-types": {
      "version": "2.0.2",
      "funding": [
        {
          "type": "GitHub Sponsors",
          "url": "https://github.com/sponsors/unifiedjs"
        },
        {
          "type": "OpenCollective",
          "url": "https://opencollective.com/unified"
        }
      ],
      "license": "MIT"
    },
    "../node_modules/.pnpm/react-dom@18.2.0_react@18.2.0/node_modules/react-dom": {
      "version": "18.2.0",
      "license": "MIT",
      "dependencies": {
        "loose-envify": "^1.1.0",
        "scheduler": "^0.23.0"
      },
      "peerDependencies": {
        "react": "^18.2.0"
      }
    },
    "../node_modules/.pnpm/react@18.2.0/node_modules/react": {
      "version": "18.2.0",
      "license": "MIT",
      "dependencies": {
        "loose-envify": "^1.1.0"
      },
      "engines": {
        "node": ">=0.10.0"
      }
    },
    "../node_modules/.pnpm/shiki@4.4.3/node_modules/shiki": {
      "version": "4.4.3",
      "license": "MIT",
      "dependencies": {
        "@shikijs/core": "4.4.3",
        "@shikijs/engine-javascript": "4.4.3",
        "@shikijs/engine-oniguruma": "4.4.3",
        "@shikijs/langs": "4.4.3",
        "@shikijs/themes": "4.4.3",
        "@shikijs/types": "4.4.3",
        "@shikijs/vscode-textmate": "^10.0.2",
        "@types/hast": "^3.0.5"
      },
      "devDependencies": {
        "rollup-plugin-copy": "^3.5.0",
        "tm-grammars": "^1.32.3",
        "tm-themes": "^1.12.3",
        "vscode-oniguruma": "1.7.0"
      },
      "engines": {
        "node": ">=20"
      }
    },
    "../node_modules/.pnpm/typescript@6.0.3/node_modules/typescript": {
      "version": "6.0.3",
      "dev": true,
      "license": "Apache-2.0",
      "bin": {
        "tsc": "bin/tsc",
        "tsserver": "bin/tsserver"
      },
      "devDependencies": {
        "@dprint/formatter": "^0.4.1",
        "@dprint/typescript": "0.93.4",
        "@esfx/canceltoken": "^1.0.0",
        "@eslint/js": "^10.0.1",
        "@octokit/rest": "^22.0.1",
        "@types/chai": "^4.3.20",
        "@types/minimist": "^1.2.5",
        "@types/mocha": "^10.0.10",
        "@types/ms": "^2.1.0",
        "@types/node": "latest",
        "@types/source-map-support": "^0.5.10",
        "@types/which": "^3.0.4",
        "@typescript-eslint/rule-tester": "^8.56.1",
        "@typescript-eslint/type-utils": "^8.56.1",
        "@typescript-eslint/utils": "^8.56.1",
        "azure-devops-node-api": "^15.1.3",
        "c8": "^10.1.3",
        "chai": "^4.5.0",
        "chokidar": "^4.0.3",
        "diff": "^8.0.3",
        "dprint": "^0.49.1",
        "esbuild": "^0.27.3",
        "eslint": "^10.0.2",
        "eslint-plugin-regexp": "^3.0.0",
        "fast-xml-parser": "^5.4.1",
        "glob": "^10.5.0",
        "globals": "^17.4.0",
        "hereby": "^1.12.0",
        "jsonc-parser": "^3.3.1",
        "knip": "^5.85.0",
        "minimist": "^1.2.8",
        "mocha": "^10.8.2",
        "mocha-fivemat-progress-reporter": "^0.1.0",
        "monocart-coverage-reports": "^2.12.9",
        "ms": "^2.1.3",
        "picocolors": "^1.1.1",
        "playwright": "^1.58.2",
        "source-map-support": "^0.5.21",
        "tslib": "^2.8.1",
        "typescript": "^5.9.3",
        "typescript-eslint": "^8.56.1",
        "which": "^3.0.1"
      },
      "engines": {
        "node": ">=14.17"
      }
    },
    "../node_modules/.pnpm/vite@6.4.3_@types+node@24.13.3_lightningcss@1.33.0/node_modules/vite": {
      "version": "6.4.3",
      "dev": true,
      "license": "MIT",
      "dependencies": {
        "esbuild": "^0.25.0",
        "fdir": "^6.4.4",
        "picomatch": "^4.0.2",
        "postcss": "^8.5.3",
        "rollup": "^4.34.9",
        "tinyglobby": "^0.2.13"
      },
      "bin": {
        "vite": "bin/vite.js"
      },
      "devDependencies": {
        "@ampproject/remapping": "^2.3.0",
        "@babel/parser": "^7.27.0",
        "@jridgewell/trace-mapping": "^0.3.25",
        "@polka/compression": "^1.0.0-next.25",
        "@rollup/plugin-alias": "^5.1.1",
        "@rollup/plugin-commonjs": "^28.0.3",
        "@rollup/plugin-dynamic-import-vars": "2.1.4",
        "@rollup/plugin-json": "^6.1.0",
        "@rollup/plugin-node-resolve": "16.0.1",
        "@rollup/pluginutils": "^5.1.4",
        "@types/escape-html": "^1.0.4",
        "@types/pnpapi": "^0.0.5",
        "artichokie": "^0.3.1",
        "cac": "^6.7.14",
        "chokidar": "^3.6.0",
        "connect": "^3.7.0",
        "convert-source-map": "^2.0.0",
        "cors": "^2.8.5",
        "cross-spawn": "^7.0.6",
        "debug": "^4.4.0",
        "dep-types": "link:./src/types",
        "dotenv": "^16.5.0",
        "dotenv-expand": "^12.0.2",
        "es-module-lexer": "^1.6.0",
        "escape-html": "^1.0.3",
        "estree-walker": "^3.0.3",
        "etag": "^1.8.1",
        "http-proxy": "^1.18.1",
        "launch-editor-middleware": "^2.14.1",
        "lightningcss": "^1.29.3",
        "magic-string": "^0.30.17",
        "mlly": "^1.7.4",
        "mrmime": "^2.0.1",
        "nanoid": "^5.1.5",
        "open": "^10.1.1",
        "parse5": "^7.2.1",
        "pathe": "^2.0.3",
        "periscopic": "^4.0.2",
        "picocolors": "^1.1.1",
        "postcss-import": "^16.1.0",
        "postcss-load-config": "^6.0.1",
        "postcss-modules": "^6.0.1",
        "resolve.exports": "^2.0.3",
        "rollup-plugin-dts": "^6.2.1",
        "rollup-plugin-esbuild": "^6.2.1",
        "rollup-plugin-license": "^3.6.0",
        "sass": "^1.86.3",
        "sass-embedded": "^1.86.3",
        "sirv": "^3.0.2",
        "source-map-support": "^0.5.21",
        "strip-literal": "^3.0.0",
        "terser": "^5.39.0",
        "tsconfck": "^3.1.5",
        "tslib": "^2.8.1",
        "types": "link:./types",
        "ufo": "^1.6.1",
        "ws": "^8.18.1"
      },
      "engines": {
        "node": "^18.0.0 || ^20.0.0 || >=22.0.0"
      },
      "funding": {
        "url": "https://github.com/vitejs/vite?sponsor=1"
      },
      "optionalDependencies": {
        "fsevents": "~2.3.3"
      },
      "peerDependencies": {
        "@types/node": "^18.0.0 || ^20.0.0 || >=22.0.0",
        "jiti": ">=1.21.0",
        "less": "*",
        "lightningcss": "^1.21.0",
        "sass": "*",
        "sass-embedded": "*",
        "stylus": "*",
        "sugarss": "*",
        "terser": "^5.16.0",
        "tsx": "^4.8.1",
        "yaml": "^2.4.2"
      },
      "peerDependenciesMeta": {
        "@types/node": {
          "optional": true
        },
        "jiti": {
          "optional": true
        },
        "less": {
          "optional": true
        },
        "lightningcss": {
          "optional": true
        },
        "sass": {
          "optional": true
        },
        "sass-embedded": {
          "optional": true
        },
        "stylus": {
          "optional": true
        },
        "sugarss": {
          "optional": true
        },
        "terser": {
          "optional": true
        },
        "tsx": {
          "optional": true
        },
        "yaml": {
          "optional": true
        }
      }
    },
    "../node_modules/.pnpm/vitest@4.1.11_@types+node@2_9ac8c9b094710852cc9e187f89e12912/node_modules/vitest": {
      "version": "4.1.11",
      "dev": true,
      "license": "MIT",
      "dependencies": {
        "@vitest/expect": "4.1.11",
        "@vitest/mocker": "4.1.11",
        "@vitest/pretty-format": "4.1.11",
        "@vitest/runner": "4.1.11",
        "@vitest/snapshot": "4.1.11",
        "@vitest/spy": "4.1.11",
        "@vitest/utils": "4.1.11",
        "es-module-lexer": "^2.0.0",
        "expect-type": "^1.3.0",
        "magic-string": "^0.30.21",
        "obug": "^2.1.1",
        "pathe": "^2.0.3",
        "picomatch": "^4.0.3",
        "std-env": "^4.0.0-rc.1",
        "tinybench": "^2.9.0",
        "tinyexec": "^1.0.2",
        "tinyglobby": "^0.2.15",
        "tinyrainbow": "^3.1.0",
        "vite": "^6.0.0 || ^7.0.0 || ^8.0.0",
        "why-is-node-running": "^2.3.0"
      },
      "bin": {
        "vitest": "vitest.mjs"
      },
      "devDependencies": {
        "@antfu/install-pkg": "^1.1.0",
        "@bomb.sh/tab": "^0.0.14",
        "@edge-runtime/vm": "^5.0.0",
        "@jridgewell/trace-mapping": "0.3.31",
        "@opentelemetry/api": "^1.9.0",
        "@sinonjs/fake-timers": "15.0.0",
        "@types/estree": "^1.0.8",
        "@types/istanbul-lib-coverage": "^2.0.6",
        "@types/istanbul-reports": "^3.0.4",
        "@types/jsdom": "^27.0.0",
        "@types/node": "^24.12.0",
        "@types/picomatch": "^4.0.2",
        "@types/prompts": "^2.4.9",
        "@types/sinonjs__fake-timers": "^15.0.1",
        "acorn": "8.11.3",
        "acorn-walk": "^8.3.5",
        "birpc": "^4.0.0",
        "cac": "^6.7.14",
        "empathic": "^2.0.0",
        "flatted": "^3.4.2",
        "happy-dom": "^20.8.3",
        "jsdom": "^27.4.0",
        "local-pkg": "^1.1.2",
        "mime": "^4.1.0",
        "prompts": "^2.4.2",
        "strip-literal": "^3.1.0",
        "tinyhighlight": "^0.3.2",
        "ws": "^8.19.0"
      },
      "engines": {
        "node": "^20.0.0 || ^22.0.0 || >=24.0.0"
      },
      "funding": {
        "url": "https://opencollective.com/vitest"
      },
      "peerDependencies": {
        "@edge-runtime/vm": "*",
        "@opentelemetry/api": "^1.9.0",
        "@types/node": "^20.0.0 || ^22.0.0 || >=24.0.0",
        "@vitest/browser-playwright": "4.1.11",
        "@vitest/browser-preview": "4.1.11",
        "@vitest/browser-webdriverio": "4.1.11",
        "@vitest/coverage-istanbul": "4.1.11",
        "@vitest/coverage-v8": "4.1.11",
        "@vitest/ui": "4.1.11",
        "happy-dom": "*",
        "jsdom": "*",
        "vite": "^6.0.0 || ^7.0.0 || ^8.0.0"
      },
      "peerDependenciesMeta": {
        "@edge-runtime/vm": {
          "optional": true
        },
        "@opentelemetry/api": {
          "optional": true
        },
        "@types/node": {
          "optional": true
        },
        "@vitest/browser-playwright": {
          "optional": true
        },
        "@vitest/browser-preview": {
          "optional": true
        },
        "@vitest/browser-webdriverio": {
          "optional": true
        },
        "@vitest/coverage-istanbul": {
          "optional": true
        },
        "@vitest/coverage-v8": {
          "optional": true
        },
        "@vitest/ui": {
          "optional": true
        },
        "happy-dom": {
          "optional": true
        },
        "jsdom": {
          "optional": true
        },
        "vite": {
          "optional": false
        }
      }
    },
    "node_modules/@huggingface/transformers": {
      "resolved": "../node_modules/.pnpm/@huggingface+transformers@3.8.1/node_modules/@huggingface/transformers",
      "link": true
    },
    "node_modules/@shikijs/langs": {
      "resolved": "../node_modules/.pnpm/@shikijs+langs@4.4.3/node_modules/@shikijs/langs",
      "link": true
    },
    "node_modules/@types/chrome": {
      "resolved": "../node_modules/.pnpm/@types+chrome@0.2.7/node_modules/@types/chrome",
      "link": true
    },
    "node_modules/@types/mdast": {
      "resolved": "../node_modules/.pnpm/@types+mdast@4.0.4/node_modules/@types/mdast",
      "link": true
    },
    "node_modules/@types/node": {
      "resolved": "../node_modules/.pnpm/@types+node@24.13.3/node_modules/@types/node",
      "link": true
    },
    "node_modules/@types/react": {
      "resolved": "../node_modules/.pnpm/@types+react@18.2.79/node_modules/@types/react",
      "link": true
    },
    "node_modules/@types/react-dom": {
      "resolved": "../node_modules/.pnpm/@types+react-dom@18.2.25/node_modules/@types/react-dom",
      "link": true
    },
    "node_modules/@vitejs/plugin-react": {
      "resolved": "../node_modules/.pnpm/@vitejs+plugin-react@4.3.4__383bbbcf2c570ab736008ebf49ded3ce/node_modules/@vitejs/plugin-react",
      "link": true
    },
    "node_modules/anser": {
      "resolved": "../node_modules/.pnpm/anser@2.3.5/node_modules/anser",
      "link": true
    },
    "node_modules/clsx": {
      "resolved": "../node_modules/.pnpm/clsx@2.1.1/node_modules/clsx",
      "link": true
    },
    "node_modules/katex": {
      "resolved": "../node_modules/.pnpm/katex@0.16.47/node_modules/katex",
      "link": true
    },
    "node_modules/mdast-util-from-markdown": {
      "resolved": "../node_modules/.pnpm/mdast-util-from-markdown@2.0.3/node_modules/mdast-util-from-markdown",
      "link": true
    },
    "node_modules/mdast-util-gfm": {
      "resolved": "../node_modules/.pnpm/mdast-util-gfm@3.1.0/node_modules/mdast-util-gfm",
      "link": true
    },
    "node_modules/mdast-util-math": {
      "resolved": "../node_modules/.pnpm/mdast-util-math@3.0.0/node_modules/mdast-util-math",
      "link": true
    },
    "node_modules/micromark-core-commonmark": {
      "resolved": "../node_modules/.pnpm/micromark-core-commonmark@2.0.3/node_modules/micromark-core-commonmark",
      "link": true
    },
    "node_modules/micromark-extension-gfm": {
      "resolved": "../node_modules/.pnpm/micromark-extension-gfm@3.0.0/node_modules/micromark-extension-gfm",
      "link": true
    },
    "node_modules/micromark-extension-math": {
      "resolved": "../node_modules/.pnpm/micromark-extension-math@3.1.0/node_modules/micromark-extension-math",
      "link": true
    },
    "node_modules/micromark-factory-space": {
      "resolved": "../node_modules/.pnpm/micromark-factory-space@2.0.1/node_modules/micromark-factory-space",
      "link": true
    },
    "node_modules/micromark-util-character": {
      "resolved": "../node_modules/.pnpm/micromark-util-character@2.1.1/node_modules/micromark-util-character",
      "link": true
    },
    "node_modules/micromark-util-classify-character": {
      "resolved": "../node_modules/.pnpm/micromark-util-classify-character@2.0.1/node_modules/micromark-util-classify-character",
      "link": true
    },
    "node_modules/micromark-util-sanitize-uri": {
      "resolved": "../node_modules/.pnpm/micromark-util-sanitize-uri@2.0.1/node_modules/micromark-util-sanitize-uri",
      "link": true
    },
    "node_modules/micromark-util-symbol": {
      "resolved": "../node_modules/.pnpm/micromark-util-symbol@2.0.1/node_modules/micromark-util-symbol",
      "link": true
    },
    "node_modules/micromark-util-types": {
      "resolved": "../node_modules/.pnpm/micromark-util-types@2.0.2/node_modules/micromark-util-types",
      "link": true
    },
    "node_modules/mp4box": {
      "version": "2.4.1",
      "resolved": "https://registry.npmjs.org/mp4box/-/mp4box-2.4.1.tgz",
      "integrity": "sha512-0HGX7nXoDIX6FKLVl4a3wtYjBlwqsN3xuQC3GXzNtKp98FXUOhDSq623azsz8DG5ptd9ZXcXodDkgbdMZOjWvw==",
      "license": "BSD-3-Clause",
      "engines": {
        "node": ">=20.8.1"
      }
    },
    "node_modules/react": {
      "resolved": "../node_modules/.pnpm/react@18.2.0/node_modules/react",
      "link": true
    },
    "node_modules/react-dom": {
      "resolved": "../node_modules/.pnpm/react-dom@18.2.0_react@18.2.0/node_modules/react-dom",
      "link": true
    },
    "node_modules/shiki": {
      "resolved": "../node_modules/.pnpm/shiki@4.4.3/node_modules/shiki",
      "link": true
    },
    "node_modules/typescript": {
      "resolved": "../node_modules/.pnpm/typescript@6.0.3/node_modules/typescript",
      "link": true
    },
    "node_modules/vite": {
      "resolved": "../node_modules/.pnpm/vite@6.4.3_@types+node@24.13.3_lightningcss@1.33.0/node_modules/vite",
      "link": true
    },
    "node_modules/vitest": {
      "resolved": "../node_modules/.pnpm/vitest@4.1.11_@types+node@2_9ac8c9b094710852cc9e187f89e12912/node_modules/vitest",
      "link": true
    }
  }
}
